
Microsoft Visual Studio Solution File, Format Version 12.00
# Visual Studio Version 16
VisualStudioVersion = 16.0.30611.23
MinimumVisualStudioVersion = 10.0.40219.1
Project("{FAE04EC0-301F-11D3-BF4B-00C04F79EFBC}") = "WpfApp2", "WpfApp2.csproj", "{69880E42-A182-4AD8-A160-6D7EA3367F54}"
EndProject
Global
	GlobalSection(SolutionConfigurationPlatforms) = preSolution
		Debug|Any CPU = Debug|Any CPU
		Release|Any CPU = Release|Any CPU
	EndGlobalSection
	GlobalSection(ProjectConfigurationPlatforms) = postSolution
		{69880E42-A182-4AD8-A160-6D7EA3367F54}.Debug|Any CPU.ActiveCfg = Debug|Any CPU
		{69880E42-A182-4AD8-A160-6D7EA3367F54}.Debug|Any CPU.Build.0 = Debug|Any CPU
		{69880E42-A182-4AD8-A160-6D7EA3367F54}.Release|Any CPU.ActiveCfg = Release|Any CPU
		{69880E42-A182-4AD8-A160-6D7EA3367F54}.Release|Any CPU.Build.0 = Release|Any CPU
	EndGlobalSection
	GlobalSection(SolutionProperties) = preSolution
		HideSolutionNode = FALSE
	EndGlobalSection
	GlobalSection(ExtensibilityGlobals) = postSolution
		SolutionGuid = {D24E74C9-6EBF-4BE7-9A0D-D6D0B764AC15}
	EndGlobalSection
EndGlobal
